
Microsoft Visual Studio Solution File, Format Version 12.00
# Visual Studio Version 17
VisualStudioVersion = 17.6.33829.357
MinimumVisualStudioVersion = 10.0.40219.1
Project("{FAE04EC0-301F-11D3-BF4B-00C04F79EFBC}") = "RealEstateProject", "RealEstateProject\RealEstateProject.csproj", "{62906C1B-C22D-45BF-8876-63EE1750B33C}"
EndProject
Project("{FAE04EC0-301F-11D3-BF4B-00C04F79EFBC}") = "Reposetory", "Reposetory\Reposetory.csproj", "{61C4A490-EC81-4887-9356-AC87A2758E15}"
EndProject
Project("{FAE04EC0-301F-11D3-BF4B-00C04F79EFBC}") = "Serivce", "Serivce\Serivce.csproj", "{F118FB7D-BBB1-4CE8-AA6C-58655DC5F69B}"
EndProject
Project("{FAE04EC0-301F-11D3-BF4B-00C04F79EFBC}") = "Comman", "Comman\Comman.csproj", "{FAA699ED-190B-4BE4-BC18-30B42E7F963D}"
EndProject
Project("{FAE04EC0-301F-11D3-BF4B-00C04F79EFBC}") = "DbContext", "DbContext\DbContext.csproj", "{8401D919-97BA-4E0D-90AF-8088C8C86EC0}"
EndProject
Global
	GlobalSection(SolutionConfigurationPlatforms) = preSolution
		Debug|Any CPU = Debug|Any CPU
		Release|Any CPU = Release|Any CPU
	EndGlobalSection
	GlobalSection(ProjectConfigurationPlatforms) = postSolution
		{62906C1B-C22D-45BF-8876-63EE1750B33C}.Debug|Any CPU.ActiveCfg = Debug|Any CPU
		{62906C1B-C22D-45BF-8876-63EE1750B33C}.Debug|Any CPU.Build.0 = Debug|Any CPU
		{62906C1B-C22D-45BF-8876-63EE1750B33C}.Release|Any CPU.ActiveCfg = Release|Any CPU
		{62906C1B-C22D-45BF-8876-63EE1750B33C}.Release|Any CPU.Build.0 = Release|Any CPU
		{61C4A490-EC81-4887-9356-AC87A2758E15}.Debug|Any CPU.ActiveCfg = Debug|Any CPU
		{61C4A490-EC81-4887-9356-AC87A2758E15}.Debug|Any CPU.Build.0 = Debug|Any CPU
		{61C4A490-EC81-4887-9356-AC87A2758E15}.Release|Any CPU.ActiveCfg = Release|Any CPU
		{61C4A490-EC81-4887-9356-AC87A2758E15}.Release|Any CPU.Build.0 = Release|Any CPU
		{F118FB7D-BBB1-4CE8-AA6C-58655DC5F69B}.Debug|Any CPU.ActiveCfg = Debug|Any CPU
		{F118FB7D-BBB1-4CE8-AA6C-58655DC5F69B}.Debug|Any CPU.Build.0 = Debug|Any CPU
		{F118FB7D-BBB1-4CE8-AA6C-58655DC5F69B}.Release|Any CPU.ActiveCfg = Release|Any CPU
		{F118FB7D-BBB1-4CE8-AA6C-58655DC5F69B}.Release|Any CPU.Build.0 = Release|Any CPU
		{FAA699ED-190B-4BE4-BC18-30B42E7F963D}.Debug|Any CPU.ActiveCfg = Debug|Any CPU
		{FAA699ED-190B-4BE4-BC18-30B42E7F963D}.Debug|Any CPU.Build.0 = Debug|Any CPU
		{FAA699ED-190B-4BE4-BC18-30B42E7F963D}.Release|Any CPU.ActiveCfg = Release|Any CPU
		{FAA699ED-190B-4BE4-BC18-30B42E7F963D}.Release|Any CPU.Build.0 = Release|Any CPU
		{8401D919-97BA-4E0D-90AF-8088C8C86EC0}.Debug|Any CPU.ActiveCfg = Debug|Any CPU
		{8401D919-97BA-4E0D-90AF-8088C8C86EC0}.Debug|Any CPU.Build.0 = Debug|Any CPU
		{8401D919-97BA-4E0D-90AF-8088C8C86EC0}.Release|Any CPU.ActiveCfg = Release|Any CPU
		{8401D919-97BA-4E0D-90AF-8088C8C86EC0}.Release|Any CPU.Build.0 = Release|Any CPU
	EndGlobalSection
	GlobalSection(SolutionProperties) = preSolution
		HideSolutionNode = FALSE
	EndGlobalSection
	GlobalSection(ExtensibilityGlobals) = postSolution
		SolutionGuid = {E82D9AA6-99D4-43FE-9143-7B59D65B0C5E}
	EndGlobalSection
EndGlobal
